
Microsoft Visual Studio Solution File, Format Version 12.00
# Visual Studio Version 17
VisualStudioVersion = 17.1.32407.343
MinimumVisualStudioVersion = 10.0.40219.1
Project("{FAE04EC0-301F-11D3-BF4B-00C04F79EFBC}") = "ElevatorAPI", "ElevatorAPI\ElevatorAPI.csproj", "{B34A9ABE-0860-4817-8142-39087C896224}"
EndProject
Project("{FAE04EC0-301F-11D3-BF4B-00C04F79EFBC}") = "ApplicationCore", "ApplicationCore\ApplicationCore.csproj", "{DE3EDB64-C18A-46BA-B98C-8524B63BC3C0}"
EndProject
Project("{FAE04EC0-301F-11D3-BF4B-00C04F79EFBC}") = "Infrastructure", "Infrastructure\Infrastructure.csproj", "{61726702-986B-495F-B2BB-249763CDFF4D}"
EndProject
Global
	GlobalSection(SolutionConfigurationPlatforms) = preSolution
		Debug|Any CPU = Debug|Any CPU
		Release|Any CPU = Release|Any CPU
	EndGlobalSection
	GlobalSection(ProjectConfigurationPlatforms) = postSolution
		{B34A9ABE-0860-4817-8142-39087C896224}.Debug|Any CPU.ActiveCfg = Debug|Any CPU
		{B34A9ABE-0860-4817-8142-39087C896224}.Debug|Any CPU.Build.0 = Debug|Any CPU
		{B34A9ABE-0860-4817-8142-39087C896224}.Release|Any CPU.ActiveCfg = Release|Any CPU
		{B34A9ABE-0860-4817-8142-39087C896224}.Release|Any CPU.Build.0 = Release|Any CPU
		{DE3EDB64-C18A-46BA-B98C-8524B63BC3C0}.Debug|Any CPU.ActiveCfg = Debug|Any CPU
		{DE3EDB64-C18A-46BA-B98C-8524B63BC3C0}.Debug|Any CPU.Build.0 = Debug|Any CPU
		{DE3EDB64-C18A-46BA-B98C-8524B63BC3C0}.Release|Any CPU.ActiveCfg = Release|Any CPU
		{DE3EDB64-C18A-46BA-B98C-8524B63BC3C0}.Release|Any CPU.Build.0 = Release|Any CPU
		{61726702-986B-495F-B2BB-249763CDFF4D}.Debug|Any CPU.ActiveCfg = Debug|Any CPU
		{61726702-986B-495F-B2BB-249763CDFF4D}.Debug|Any CPU.Build.0 = Debug|Any CPU
		{61726702-986B-495F-B2BB-249763CDFF4D}.Release|Any CPU.ActiveCfg = Release|Any CPU
		{61726702-986B-495F-B2BB-249763CDFF4D}.Release|Any CPU.Build.0 = Release|Any CPU
	EndGlobalSection
	GlobalSection(SolutionProperties) = preSolution
		HideSolutionNode = FALSE
	EndGlobalSection
	GlobalSection(ExtensibilityGlobals) = postSolution
		SolutionGuid = {D0525DF9-47C4-4910-9E43-EE1EAA3A3437}
	EndGlobalSection
EndGlobal
